<?xml version="1.0" encoding="utf-8"?>
<Project ToolsVersion="17.0" xmlns="http://schemas.microsoft.com/developer/msbuild/2003">
  <ItemGroup>
    <CustomBuild Include="C:\Users\nirwa\chronobook\CMakeFiles\e7f961b22c52e70365d3993061bbe9d4\RUN_TESTS_force.rule">
      <Filter>CMake Rules</Filter>
    </CustomBuild>
  </ItemGroup>
  <ItemGroup>
    <Filter Include="CMake Rules">
      <UniqueIdentifier>{9B02378F-BDA1-3BCB-9EAB-77F567C5DDE2}</UniqueIdentifier>
    </Filter>
  </ItemGroup>
</Project>
